// !$*UTF8*$!
{
	archiveVersion = 1;
	classes = {
	};
	objectVersion = 52;
	objects = {

/* Begin PBXBuildFile section */
		23F2B056270401990092CFC4 /* AppDelegate.swift in Sources */ = {isa = PBXBuildFile; fileRef = 23F2B055270401990092CFC4 /* AppDelegate.swift */; };
		23F2B058270401990092CFC4 /* SceneDelegate.swift in Sources */ = {isa = PBXBuildFile; fileRef = 23F2B057270401990092CFC4 /* SceneDelegate.swift */; };
		23F2B05D270401990092CFC4 /* Main.storyboard in Resources */ = {isa = PBXBuildFile; fileRef = 23F2B05B270401990092CFC4 /* Main.storyboard */; };
		23F2B05F2704019A0092CFC4 /* Assets.xcassets in Resources */ = {isa = PBXBuildFile; fileRef = 23F2B05E2704019A0092CFC4 /* Assets.xcassets */; };
		23F2B0622704019A0092CFC4 /* LaunchScreen.storyboard in Resources */ = {isa = PBXBuildFile; fileRef = 23F2B0602704019A0092CFC4 /* LaunchScreen.storyboard */; };
		23F2B079270403150092CFC4 /* UIUtils.swift in Sources */ = {isa = PBXBuildFile; fileRef = 23F2B078270403120092CFC4 /* UIUtils.swift */; };
		23F2B07A2704031A0092CFC4 /* Encodable+Ext.swift in Sources */ = {isa = PBXBuildFile; fileRef = 23F2B073270403020092CFC4 /* Encodable+Ext.swift */; };
		23F2B07B2704031A0092CFC4 /* UITextView+Ext.swift in Sources */ = {isa = PBXBuildFile; fileRef = 23F2B071270403020092CFC4 /* UITextView+Ext.swift */; };
		23F2B07C2704031A0092CFC4 /* Double+Ext.swift in Sources */ = {isa = PBXBuildFile; fileRef = 23F2B072270403020092CFC4 /* Double+Ext.swift */; };
		23F2B07D2704031A0092CFC4 /* UIColor+Ext.swift in Sources */ = {isa = PBXBuildFile; fileRef = 23F2B06F270403020092CFC4 /* UIColor+Ext.swift */; };
		23F2B07E2704031A0092CFC4 /* UIFont+Ext.swift in Sources */ = {isa = PBXBuildFile; fileRef = 23F2B06C270403020092CFC4 /* UIFont+Ext.swift */; };
		23F2B07F2704031A0092CFC4 /* UIImageView+Ext.swift in Sources */ = {isa = PBXBuildFile; fileRef = 23F2B074270403020092CFC4 /* UIImageView+Ext.swift */; };
		23F2B0802704031A0092CFC4 /* UINavigationItem+Ext.swift in Sources */ = {isa = PBXBuildFile; fileRef = 23F2B076270403020092CFC4 /* UINavigationItem+Ext.swift */; };
		23F2B0812704031A0092CFC4 /* UIView+Ext.swift in Sources */ = {isa = PBXBuildFile; fileRef = 23F2B070270403020092CFC4 /* UIView+Ext.swift */; };
		23F2B0822704031A0092CFC4 /* String+Ext.swift in Sources */ = {isa = PBXBuildFile; fileRef = 23F2B077270403020092CFC4 /* String+Ext.swift */; };
		23F2B0832704031A0092CFC4 /* UITapGestureRecognizer+Ext.swift in Sources */ = {isa = PBXBuildFile; fileRef = 23F2B06E270403020092CFC4 /* UITapGestureRecognizer+Ext.swift */; };
		23F2B0842704031A0092CFC4 /* DateFormatter+Ext.swift in Sources */ = {isa = PBXBuildFile; fileRef = 23F2B075270403020092CFC4 /* DateFormatter+Ext.swift */; };
		23F2B0852704031A0092CFC4 /* Data+Ext.swift in Sources */ = {isa = PBXBuildFile; fileRef = 23F2B06B270403020092CFC4 /* Data+Ext.swift */; };
		23F2B0862704031A0092CFC4 /* UIImage+Ext.swift in Sources */ = {isa = PBXBuildFile; fileRef = 23F2B06D270403020092CFC4 /* UIImage+Ext.swift */; };
		23F2B08A270403CC0092CFC4 /* SDWebImage in Frameworks */ = {isa = PBXBuildFile; productRef = 23F2B089270403CC0092CFC4 /* SDWebImage */; };
		23F2B08F2704044B0092CFC4 /* ProximaNova-Bold.otf in Resources */ = {isa = PBXBuildFile; fileRef = 23F2B08D270404430092CFC4 /* ProximaNova-Bold.otf */; };
		23F2B0902704044B0092CFC4 /* ProximaNova-Sbold.otf in Resources */ = {isa = PBXBuildFile; fileRef = 23F2B08E270404430092CFC4 /* ProximaNova-Sbold.otf */; };
		23F2B0912704044B0092CFC4 /* ProximaNova-Reg.otf in Resources */ = {isa = PBXBuildFile; fileRef = 23F2B08C270404430092CFC4 /* ProximaNova-Reg.otf */; };
		23F2B0942704062F0092CFC4 /* Realm in Frameworks */ = {isa = PBXBuildFile; productRef = 23F2B0932704062F0092CFC4 /* Realm */; };
		23F2B0962704062F0092CFC4 /* RealmSwift in Frameworks */ = {isa = PBXBuildFile; productRef = 23F2B0952704062F0092CFC4 /* RealmSwift */; };
		23F2B09927040DDD0092CFC4 /* ScoreManager.swift in Sources */ = {isa = PBXBuildFile; fileRef = 23F2B09827040DDD0092CFC4 /* ScoreManager.swift */; };
		23F2B09C27040E690092CFC4 /* Score.swift in Sources */ = {isa = PBXBuildFile; fileRef = 23F2B09B27040E690092CFC4 /* Score.swift */; };
		23F2B09F27041AF60092CFC4 /* ScoreContants.swift in Sources */ = {isa = PBXBuildFile; fileRef = 23F2B09E27041AF60092CFC4 /* ScoreContants.swift */; };
		23F2B0B027041E830092CFC4 /* ScoreManagerLogicTests.swift in Sources */ = {isa = PBXBuildFile; fileRef = 23F2B0AF27041E830092CFC4 /* ScoreManagerLogicTests.swift */; };
		23FBDFA6271251FA00860E27 /* LaunchLoading.storyboard in Resources */ = {isa = PBXBuildFile; fileRef = 23FBDFA5271251FA00860E27 /* LaunchLoading.storyboard */; };
		23FBDFA92712574B00860E27 /* LaunchLoadingViewController.swift in Sources */ = {isa = PBXBuildFile; fileRef = 23FBDFA82712574B00860E27 /* LaunchLoadingViewController.swift */; };
/* End PBXBuildFile section */

/* Begin PBXContainerItemProxy section */
		23F2B0A927041E430092CFC4 /* PBXContainerItemProxy */ = {
			isa = PBXContainerItemProxy;
			containerPortal = 23F2B04A270401990092CFC4 /* Project object */;
			proxyType = 1;
			remoteGlobalIDString = 23F2B051270401990092CFC4;
			remoteInfo = MatPro;
		};
/* End PBXContainerItemProxy section */

/* Begin PBXFileReference section */
		23F2B052270401990092CFC4 /* MatPro.app */ = {isa = PBXFileReference; explicitFileType = wrapper.application; includeInIndex = 0; path = MatPro.app; sourceTree = BUILT_PRODUCTS_DIR; };
		23F2B055270401990092CFC4 /* AppDelegate.swift */ = {isa = PBXFileReference; lastKnownFileType = sourcecode.swift; path = AppDelegate.swift; sourceTree = "<group>"; };
		23F2B057270401990092CFC4 /* SceneDelegate.swift */ = {isa = PBXFileReference; lastKnownFileType = sourcecode.swift; path = SceneDelegate.swift; sourceTree = "<group>"; };
		23F2B05C270401990092CFC4 /* Base */ = {isa = PBXFileReference; lastKnownFileType = file.storyboard; name = Base; path = Base.lproj/Main.storyboard; sourceTree = "<group>"; };
		23F2B05E2704019A0092CFC4 /* Assets.xcassets */ = {isa = PBXFileReference; lastKnownFileType = folder.assetcatalog; path = Assets.xcassets; sourceTree = "<group>"; };
		23F2B0612704019A0092CFC4 /* Base */ = {isa = PBXFileReference; lastKnownFileType = file.storyboard; name = Base; path = Base.lproj/LaunchScreen.storyboard; sourceTree = "<group>"; };
		23F2B0632704019A0092CFC4 /* Info.plist */ = {isa = PBXFileReference; lastKnownFileType = text.plist.xml; path = Info.plist; sourceTree = "<group>"; };
		23F2B06B270403020092CFC4 /* Data+Ext.swift */ = {isa = PBXFileReference; lastKnownFileType = sourcecode.swift; path = "Data+Ext.swift"; sourceTree = "<group>"; };
		23F2B06C270403020092CFC4 /* UIFont+Ext.swift */ = {isa = PBXFileReference; lastKnownFileType = sourcecode.swift; path = "UIFont+Ext.swift"; sourceTree = "<group>"; };
		23F2B06D270403020092CFC4 /* UIImage+Ext.swift */ = {isa = PBXFileReference; lastKnownFileType = sourcecode.swift; path = "UIImage+Ext.swift"; sourceTree = "<group>"; };
		23F2B06E270403020092CFC4 /* UITapGestureRecognizer+Ext.swift */ = {isa = PBXFileReference; lastKnownFileType = sourcecode.swift; path = "UITapGestureRecognizer+Ext.swift"; sourceTree = "<group>"; };
		23F2B06F270403020092CFC4 /* UIColor+Ext.swift */ = {isa = PBXFileReference; lastKnownFileType = sourcecode.swift; path = "UIColor+Ext.swift"; sourceTree = "<group>"; };
		23F2B070270403020092CFC4 /* UIView+Ext.swift */ = {isa = PBXFileReference; lastKnownFileType = sourcecode.swift; path = "UIView+Ext.swift"; sourceTree = "<group>"; };
		23F2B071270403020092CFC4 /* UITextView+Ext.swift */ = {isa = PBXFileReference; lastKnownFileType = sourcecode.swift; path = "UITextView+Ext.swift"; sourceTree = "<group>"; };
		23F2B072270403020092CFC4 /* Double+Ext.swift */ = {isa = PBXFileReference; lastKnownFileType = sourcecode.swift; path = "Double+Ext.swift"; sourceTree = "<group>"; };
		23F2B073270403020092CFC4 /* Encodable+Ext.swift */ = {isa = PBXFileReference; lastKnownFileType = sourcecode.swift; path = "Encodable+Ext.swift"; sourceTree = "<group>"; };
		23F2B074270403020092CFC4 /* UIImageView+Ext.swift */ = {isa = PBXFileReference; lastKnownFileType = sourcecode.swift; path = "UIImageView+Ext.swift"; sourceTree = "<group>"; };
		23F2B075270403020092CFC4 /* DateFormatter+Ext.swift */ = {isa = PBXFileReference; lastKnownFileType = sourcecode.swift; path = "DateFormatter+Ext.swift"; sourceTree = "<group>"; };
		23F2B076270403020092CFC4 /* UINavigationItem+Ext.swift */ = {isa = PBXFileReference; lastKnownFileType = sourcecode.swift; path = "UINavigationItem+Ext.swift"; sourceTree = "<group>"; };
		23F2B077270403020092CFC4 /* String+Ext.swift */ = {isa = PBXFileReference; lastKnownFileType = sourcecode.swift; path = "String+Ext.swift"; sourceTree = "<group>"; };
		23F2B078270403120092CFC4 /* UIUtils.swift */ = {isa = PBXFileReference; lastKnownFileType = sourcecode.swift; path = UIUtils.swift; sourceTree = "<group>"; };
		23F2B08C270404430092CFC4 /* ProximaNova-Reg.otf */ = {isa = PBXFileReference; lastKnownFileType = file; path = "ProximaNova-Reg.otf"; sourceTree = "<group>"; };
		23F2B08D270404430092CFC4 /* ProximaNova-Bold.otf */ = {isa = PBXFileReference; lastKnownFileType = file; path = "ProximaNova-Bold.otf"; sourceTree = "<group>"; };
		23F2B08E270404430092CFC4 /* ProximaNova-Sbold.otf */ = {isa = PBXFileReference; lastKnownFileType = file; path = "ProximaNova-Sbold.otf"; sourceTree = "<group>"; };
		23F2B09827040DDD0092CFC4 /* ScoreManager.swift */ = {isa = PBXFileReference; lastKnownFileType = sourcecode.swift; path = ScoreManager.swift; sourceTree = "<group>"; };
		23F2B09B27040E690092CFC4 /* Score.swift */ = {isa = PBXFileReference; lastKnownFileType = sourcecode.swift; path = Score.swift; sourceTree = "<group>"; };
		23F2B09E27041AF60092CFC4 /* ScoreContants.swift */ = {isa = PBXFileReference; lastKnownFileType = sourcecode.swift; path = ScoreContants.swift; sourceTree = "<group>"; };
		23F2B0A427041E430092CFC4 /* MatProTests.xctest */ = {isa = PBXFileReference; explicitFileType = wrapper.cfbundle; includeInIndex = 0; path = MatProTests.xctest; sourceTree = BUILT_PRODUCTS_DIR; };
		23F2B0A827041E430092CFC4 /* Info.plist */ = {isa = PBXFileReference; lastKnownFileType = text.plist.xml; path = Info.plist; sourceTree = "<group>"; };
		23F2B0AF27041E830092CFC4 /* ScoreManagerLogicTests.swift */ = {isa = PBXFileReference; lastKnownFileType = sourcecode.swift; path = ScoreManagerLogicTests.swift; sourceTree = "<group>"; };
		23FBDFA5271251FA00860E27 /* LaunchLoading.storyboard */ = {isa = PBXFileReference; lastKnownFileType = file.storyboard; path = LaunchLoading.storyboard; sourceTree = "<group>"; };
		23FBDFA82712574B00860E27 /* LaunchLoadingViewController.swift */ = {isa = PBXFileReference; lastKnownFileType = sourcecode.swift; path = LaunchLoadingViewController.swift; sourceTree = "<group>"; };
/* End PBXFileReference section */

/* Begin PBXFrameworksBuildPhase section */
		23F2B04F270401990092CFC4 /* Frameworks */ = {
			isa = PBXFrameworksBuildPhase;
			buildActionMask = 2147483647;
			files = (
				23F2B0962704062F0092CFC4 /* RealmSwift in Frameworks */,
				23F2B0942704062F0092CFC4 /* Realm in Frameworks */,
				23F2B08A270403CC0092CFC4 /* SDWebImage in Frameworks */,
			);
			runOnlyForDeploymentPostprocessing = 0;
		};
		23F2B0A127041E430092CFC4 /* Frameworks */ = {
			isa = PBXFrameworksBuildPhase;
			buildActionMask = 2147483647;
			files = (
			);
			runOnlyForDeploymentPostprocessing = 0;
		};
/* End PBXFrameworksBuildPhase section */

/* Begin PBXGroup section */
		23F2B049270401990092CFC4 = {
			isa = PBXGroup;
			children = (
				23F2B054270401990092CFC4 /* MatPro */,
				23F2B0A527041E430092CFC4 /* MatProTests */,
				23F2B053270401990092CFC4 /* Products */,
			);
			sourceTree = "<group>";
		};
		23F2B053270401990092CFC4 /* Products */ = {
			isa = PBXGroup;
			children = (
				23F2B052270401990092CFC4 /* MatPro.app */,
				23F2B0A427041E430092CFC4 /* MatProTests.xctest */,
			);
			name = Products;
			sourceTree = "<group>";
		};
		23F2B054270401990092CFC4 /* MatPro */ = {
			isa = PBXGroup;
			children = (
				23FBDFA4271251E700860E27 /* App */,
				23F2B09A27040E600092CFC4 /* Models */,
				23F2B09727040DC70092CFC4 /* Controllers */,
				23F2B069270402EE0092CFC4 /* Uitls */,
				23F2B055270401990092CFC4 /* AppDelegate.swift */,
				23F2B057270401990092CFC4 /* SceneDelegate.swift */,
				23F2B05B270401990092CFC4 /* Main.storyboard */,
				23F2B0602704019A0092CFC4 /* LaunchScreen.storyboard */,
				23F2B0632704019A0092CFC4 /* Info.plist */,
			);
			path = MatPro;
			sourceTree = "<group>";
		};
		23F2B069270402EE0092CFC4 /* Uitls */ = {
			isa = PBXGroup;
			children = (
				23F2B078270403120092CFC4 /* UIUtils.swift */,
				23F2B06A270402F50092CFC4 /* Extensions */,
				23F2B087270403510092CFC4 /* Resources */,
			);
			path = Uitls;
			sourceTree = "<group>";
		};
		23F2B06A270402F50092CFC4 /* Extensions */ = {
			isa = PBXGroup;
			children = (
				23F2B06B270403020092CFC4 /* Data+Ext.swift */,
				23F2B075270403020092CFC4 /* DateFormatter+Ext.swift */,
				23F2B072270403020092CFC4 /* Double+Ext.swift */,
				23F2B073270403020092CFC4 /* Encodable+Ext.swift */,
				23F2B077270403020092CFC4 /* String+Ext.swift */,
				23F2B06F270403020092CFC4 /* UIColor+Ext.swift */,
				23F2B06C270403020092CFC4 /* UIFont+Ext.swift */,
				23F2B06D270403020092CFC4 /* UIImage+Ext.swift */,
				23F2B074270403020092CFC4 /* UIImageView+Ext.swift */,
				23F2B076270403020092CFC4 /* UINavigationItem+Ext.swift */,
				23F2B06E270403020092CFC4 /* UITapGestureRecognizer+Ext.swift */,
				23F2B071270403020092CFC4 /* UITextView+Ext.swift */,
				23F2B070270403020092CFC4 /* UIView+Ext.swift */,
			);
			path = Extensions;
			sourceTree = "<group>";
		};
		23F2B087270403510092CFC4 /* Resources */ = {
			isa = PBXGroup;
			children = (
				23F2B08B270403F00092CFC4 /* Fonts */,
				23F2B05E2704019A0092CFC4 /* Assets.xcassets */,
			);
			path = Resources;
			sourceTree = "<group>";
		};
		23F2B08B270403F00092CFC4 /* Fonts */ = {
			isa = PBXGroup;
			children = (
				23F2B08D270404430092CFC4 /* ProximaNova-Bold.otf */,
				23F2B08C270404430092CFC4 /* ProximaNova-Reg.otf */,
				23F2B08E270404430092CFC4 /* ProximaNova-Sbold.otf */,
			);
			path = Fonts;
			sourceTree = "<group>";
		};
		23F2B09727040DC70092CFC4 /* Controllers */ = {
			isa = PBXGroup;
			children = (
				23F2B09827040DDD0092CFC4 /* ScoreManager.swift */,
			);
			path = Controllers;
			sourceTree = "<group>";
		};
		23F2B09A27040E600092CFC4 /* Models */ = {
			isa = PBXGroup;
			children = (
				23F2B09D27041AEC0092CFC4 /* Score */,
			);
			path = Models;
			sourceTree = "<group>";
		};
		23F2B09D27041AEC0092CFC4 /* Score */ = {
			isa = PBXGroup;
			children = (
				23F2B09B27040E690092CFC4 /* Score.swift */,
				23F2B09E27041AF60092CFC4 /* ScoreContants.swift */,
			);
			path = Score;
			sourceTree = "<group>";
		};
		23F2B0A527041E430092CFC4 /* MatProTests */ = {
			isa = PBXGroup;
			children = (
				23F2B0AE27041E540092CFC4 /* ScoreManager */,
				23F2B0A827041E430092CFC4 /* Info.plist */,
			);
			path = MatProTests;
			sourceTree = "<group>";
		};
		23F2B0AE27041E540092CFC4 /* ScoreManager */ = {
			isa = PBXGroup;
			children = (
				23F2B0AF27041E830092CFC4 /* ScoreManagerLogicTests.swift */,
			);
			path = ScoreManager;
			sourceTree = "<group>";
		};
		23FBDFA4271251E700860E27 /* App */ = {
			isa = PBXGroup;
			children = (
				23FBDFA72712572100860E27 /* LaunchLoading */,
			);
			path = App;
			sourceTree = "<group>";
		};
		23FBDFA72712572100860E27 /* LaunchLoading */ = {
			isa = PBXGroup;
			children = (
				23FBDFA5271251FA00860E27 /* LaunchLoading.storyboard */,
				23FBDFA82712574B00860E27 /* LaunchLoadingViewController.swift */,
			);
			path = LaunchLoading;
			sourceTree = "<group>";
		};
/* End PBXGroup section */

/* Begin PBXNativeTarget section */
		23F2B051270401990092CFC4 /* MatPro */ = {
			isa = PBXNativeTarget;
			buildConfigurationList = 23F2B0662704019A0092CFC4 /* Build configuration list for PBXNativeTarget "MatPro" */;
			buildPhases = (
				23F2B04E270401990092CFC4 /* Sources */,
				23F2B04F270401990092CFC4 /* Frameworks */,
				23F2B050270401990092CFC4 /* Resources */,
			);
			buildRules = (
			);
			dependencies = (
			);
			name = MatPro;
			packageProductDependencies = (
				23F2B089270403CC0092CFC4 /* SDWebImage */,
				23F2B0932704062F0092CFC4 /* Realm */,
				23F2B0952704062F0092CFC4 /* RealmSwift */,
			);
			productName = MatPro;
			productReference = 23F2B052270401990092CFC4 /* MatPro.app */;
			productType = "com.apple.product-type.application";
		};
		23F2B0A327041E430092CFC4 /* MatProTests */ = {
			isa = PBXNativeTarget;
			buildConfigurationList = 23F2B0AB27041E430092CFC4 /* Build configuration list for PBXNativeTarget "MatProTests" */;
			buildPhases = (
				23F2B0A027041E430092CFC4 /* Sources */,
				23F2B0A127041E430092CFC4 /* Frameworks */,
				23F2B0A227041E430092CFC4 /* Resources */,
			);
			buildRules = (
			);
			dependencies = (
				23F2B0AA27041E430092CFC4 /* PBXTargetDependency */,
			);
			name = MatProTests;
			productName = MatProTests;
			productReference = 23F2B0A427041E430092CFC4 /* MatProTests.xctest */;
			productType = "com.apple.product-type.bundle.unit-test";
		};
/* End PBXNativeTarget section */

/* Begin PBXProject section */
		23F2B04A270401990092CFC4 /* Project object */ = {
			isa = PBXProject;
			attributes = {
				LastSwiftUpdateCheck = 1250;
				LastUpgradeCheck = 1250;
				TargetAttributes = {
					23F2B051270401990092CFC4 = {
						CreatedOnToolsVersion = 12.5.1;
					};
					23F2B0A327041E430092CFC4 = {
						CreatedOnToolsVersion = 12.5.1;
						LastSwiftMigration = 1250;
						TestTargetID = 23F2B051270401990092CFC4;
					};
				};
			};
			buildConfigurationList = 23F2B04D270401990092CFC4 /* Build configuration list for PBXProject "MatPro" */;
			compatibilityVersion = "Xcode 9.3";
			developmentRegion = en;
			hasScannedForEncodings = 0;
			knownRegions = (
				en,
				Base,
			);
			mainGroup = 23F2B049270401990092CFC4;
			packageReferences = (
				23F2B088270403CC0092CFC4 /* XCRemoteSwiftPackageReference "SDWebImage" */,
				23F2B0922704062F0092CFC4 /* XCRemoteSwiftPackageReference "realm-cocoa" */,
			);
			productRefGroup = 23F2B053270401990092CFC4 /* Products */;
			projectDirPath = "";
			projectRoot = "";
			targets = (
				23F2B051270401990092CFC4 /* MatPro */,
				23F2B0A327041E430092CFC4 /* MatProTests */,
			);
		};
/* End PBXProject section */

/* Begin PBXResourcesBuildPhase section */
		23F2B050270401990092CFC4 /* Resources */ = {
			isa = PBXResourcesBuildPhase;
			buildActionMask = 2147483647;
			files = (
				23FBDFA6271251FA00860E27 /* LaunchLoading.storyboard in Resources */,
				23F2B0902704044B0092CFC4 /* ProximaNova-Sbold.otf in Resources */,
				23F2B0912704044B0092CFC4 /* ProximaNova-Reg.otf in Resources */,
				23F2B0622704019A0092CFC4 /* LaunchScreen.storyboard in Resources */,
				23F2B08F2704044B0092CFC4 /* ProximaNova-Bold.otf in Resources */,
				23F2B05F2704019A0092CFC4 /* Assets.xcassets in Resources */,
				23F2B05D270401990092CFC4 /* Main.storyboard in Resources */,
			);
			runOnlyForDeploymentPostprocessing = 0;
		};
		23F2B0A227041E430092CFC4 /* Resources */ = {
			isa = PBXResourcesBuildPhase;
			buildActionMask = 2147483647;
			files = (
			);
			runOnlyForDeploymentPostprocessing = 0;
		};
/* End PBXResourcesBuildPhase section */

/* Begin PBXSourcesBuildPhase section */
		23F2B04E270401990092CFC4 /* Sources */ = {
			isa = PBXSourcesBuildPhase;
			buildActionMask = 2147483647;
			files = (
				23F2B07D2704031A0092CFC4 /* UIColor+Ext.swift in Sources */,
				23F2B0812704031A0092CFC4 /* UIView+Ext.swift in Sources */,
				23F2B079270403150092CFC4 /* UIUtils.swift in Sources */,
				23F2B056270401990092CFC4 /* AppDelegate.swift in Sources */,
				23F2B07F2704031A0092CFC4 /* UIImageView+Ext.swift in Sources */,
				23F2B0802704031A0092CFC4 /* UINavigationItem+Ext.swift in Sources */,
				23F2B0852704031A0092CFC4 /* Data+Ext.swift in Sources */,
				23F2B0832704031A0092CFC4 /* UITapGestureRecognizer+Ext.swift in Sources */,
				23F2B0822704031A0092CFC4 /* String+Ext.swift in Sources */,
				23F2B0862704031A0092CFC4 /* UIImage+Ext.swift in Sources */,
				23F2B09F27041AF60092CFC4 /* ScoreContants.swift in Sources */,
				23F2B09927040DDD0092CFC4 /* ScoreManager.swift in Sources */,
				23FBDFA92712574B00860E27 /* LaunchLoadingViewController.swift in Sources */,
				23F2B07C2704031A0092CFC4 /* Double+Ext.swift in Sources */,
				23F2B07E2704031A0092CFC4 /* UIFont+Ext.swift in Sources */,
				23F2B0842704031A0092CFC4 /* DateFormatter+Ext.swift in Sources */,
				23F2B058270401990092CFC4 /* SceneDelegate.swift in Sources */,
				23F2B07A2704031A0092CFC4 /* Encodable+Ext.swift in Sources */,
				23F2B09C27040E690092CFC4 /* Score.swift in Sources */,
				23F2B07B2704031A0092CFC4 /* UITextView+Ext.swift in Sources */,
			);
			runOnlyForDeploymentPostprocessing = 0;
		};
		23F2B0A027041E430092CFC4 /* Sources */ = {
			isa = PBXSourcesBuildPhase;
			buildActionMask = 2147483647;
			files = (
				23F2B0B027041E830092CFC4 /* ScoreManagerLogicTests.swift in Sources */,
			);
			runOnlyForDeploymentPostprocessing = 0;
		};
/* End PBXSourcesBuildPhase section */

/* Begin PBXTargetDependency section */
		23F2B0AA27041E430092CFC4 /* PBXTargetDependency */ = {
			isa = PBXTargetDependency;
			target = 23F2B051270401990092CFC4 /* MatPro */;
			targetProxy = 23F2B0A927041E430092CFC4 /* PBXContainerItemProxy */;
		};
/* End PBXTargetDependency section */

/* Begin PBXVariantGroup section */
		23F2B05B270401990092CFC4 /* Main.storyboard */ = {
			isa = PBXVariantGroup;
			children = (
				23F2B05C270401990092CFC4 /* Base */,
			);
			name = Main.storyboard;
			sourceTree = "<group>";
		};
		23F2B0602704019A0092CFC4 /* LaunchScreen.storyboard */ = {
			isa = PBXVariantGroup;
			children = (
				23F2B0612704019A0092CFC4 /* Base */,
			);
			name = LaunchScreen.storyboard;
			sourceTree = "<group>";
		};
/* End PBXVariantGroup section */

/* Begin XCBuildConfiguration section */
		23F2B0642704019A0092CFC4 /* Debug */ = {
			isa = XCBuildConfiguration;
			buildSettings = {
				ALWAYS_SEARCH_USER_PATHS = NO;
				CLANG_ANALYZER_NONNULL = YES;
				CLANG_ANALYZER_NUMBER_OBJECT_CONVERSION = YES_AGGRESSIVE;
				CLANG_CXX_LANGUAGE_STANDARD = "gnu++14";
				CLANG_CXX_LIBRARY = "libc++";
				CLANG_ENABLE_MODULES = YES;
				CLANG_ENABLE_OBJC_ARC = YES;
				CLANG_ENABLE_OBJC_WEAK = YES;
				CLANG_WARN_BLOCK_CAPTURE_AUTORELEASING = YES;
				CLANG_WARN_BOOL_CONVERSION = YES;
				CLANG_WARN_COMMA = YES;
				CLANG_WARN_CONSTANT_CONVERSION = YES;
				CLANG_WARN_DEPRECATED_OBJC_IMPLEMENTATIONS = YES;
				CLANG_WARN_DIRECT_OBJC_ISA_USAGE = YES_ERROR;
				CLANG_WARN_DOCUMENTATION_COMMENTS = YES;
				CLANG_WARN_EMPTY_BODY = YES;
				CLANG_WARN_ENUM_CONVERSION = YES;
				CLANG_WARN_INFINITE_RECURSION = YES;
				CLANG_WARN_INT_CONVERSION = YES;
				CLANG_WARN_NON_LITERAL_NULL_CONVERSION = YES;
				CLANG_WARN_OBJC_IMPLICIT_RETAIN_SELF = YES;
				CLANG_WARN_OBJC_LITERAL_CONVERSION = YES;
				CLANG_WARN_OBJC_ROOT_CLASS = YES_ERROR;
				CLANG_WARN_QUOTED_INCLUDE_IN_FRAMEWORK_HEADER = YES;
				CLANG_WARN_RANGE_LOOP_ANALYSIS = YES;
				CLANG_WARN_STRICT_PROTOTYPES = YES;
				CLANG_WARN_SUSPICIOUS_MOVE = YES;
				CLANG_WARN_UNGUARDED_AVAILABILITY = YES_AGGRESSIVE;
				CLANG_WARN_UNREACHABLE_CODE = YES;
				CLANG_WARN__DUPLICATE_METHOD_MATCH = YES;
				COPY_PHASE_STRIP = NO;
				DEBUG_INFORMATION_FORMAT = dwarf;
				ENABLE_STRICT_OBJC_MSGSEND = YES;
				ENABLE_TESTABILITY = YES;
				GCC_C_LANGUAGE_STANDARD = gnu11;
				GCC_DYNAMIC_NO_PIC = NO;
				GCC_NO_COMMON_BLOCKS = YES;
				GCC_OPTIMIZATION_LEVEL = 0;
				GCC_PREPROCESSOR_DEFINITIONS = (
					"DEBUG=1",
					"$(inherited)",
				);
				GCC_WARN_64_TO_32_BIT_CONVERSION = YES;
				GCC_WARN_ABOUT_RETURN_TYPE = YES_ERROR;
				GCC_WARN_UNDECLARED_SELECTOR = YES;
				GCC_WARN_UNINITIALIZED_AUTOS = YES_AGGRESSIVE;
				GCC_WARN_UNUSED_FUNCTION = YES;
				GCC_WARN_UNUSED_VARIABLE = YES;
				IPHONEOS_DEPLOYMENT_TARGET = 14.5;
				MTL_ENABLE_DEBUG_INFO = INCLUDE_SOURCE;
				MTL_FAST_MATH = YES;
				ONLY_ACTIVE_ARCH = YES;
				SDKROOT = iphoneos;
				SWIFT_ACTIVE_COMPILATION_CONDITIONS = DEBUG;
				SWIFT_OPTIMIZATION_LEVEL = "-Onone";
			};
			name = Debug;
		};
		23F2B0652704019A0092CFC4 /* Release */ = {
			isa = XCBuildConfiguration;
			buildSettings = {
				ALWAYS_SEARCH_USER_PATHS = NO;
				CLANG_ANALYZER_NONNULL = YES;
				CLANG_ANALYZER_NUMBER_OBJECT_CONVERSION = YES_AGGRESSIVE;
				CLANG_CXX_LANGUAGE_STANDARD = "gnu++14";
				CLANG_CXX_LIBRARY = "libc++";
				CLANG_ENABLE_MODULES = YES;
				CLANG_ENABLE_OBJC_ARC = YES;
				CLANG_ENABLE_OBJC_WEAK = YES;
				CLANG_WARN_BLOCK_CAPTURE_AUTORELEASING = YES;
				CLANG_WARN_BOOL_CONVERSION = YES;
				CLANG_WARN_COMMA = YES;
				CLANG_WARN_CONSTANT_CONVERSION = YES;
				CLANG_WARN_DEPRECATED_OBJC_IMPLEMENTATIONS = YES;
				CLANG_WARN_DIRECT_OBJC_ISA_USAGE = YES_ERROR;
				CLANG_WARN_DOCUMENTATION_COMMENTS = YES;
				CLANG_WARN_EMPTY_BODY = YES;
				CLANG_WARN_ENUM_CONVERSION = YES;
				CLANG_WARN_INFINITE_RECURSION = YES;
				CLANG_WARN_INT_CONVERSION = YES;
				CLANG_WARN_NON_LITERAL_NULL_CONVERSION = YES;
				CLANG_WARN_OBJC_IMPLICIT_RETAIN_SELF = YES;
				CLANG_WARN_OBJC_LITERAL_CONVERSION = YES;
				CLANG_WARN_OBJC_ROOT_CLASS = YES_ERROR;
				CLANG_WARN_QUOTED_INCLUDE_IN_FRAMEWORK_HEADER = YES;
				CLANG_WARN_RANGE_LOOP_ANALYSIS = YES;
				CLANG_WARN_STRICT_PROTOTYPES = YES;
				CLANG_WARN_SUSPICIOUS_MOVE = YES;
				CLANG_WARN_UNGUARDED_AVAILABILITY = YES_AGGRESSIVE;
				CLANG_WARN_UNREACHABLE_CODE = YES;
				CLANG_WARN__DUPLICATE_METHOD_MATCH = YES;
				COPY_PHASE_STRIP = NO;
				DEBUG_INFORMATION_FORMAT = "dwarf-with-dsym";
				ENABLE_NS_ASSERTIONS = NO;
				ENABLE_STRICT_OBJC_MSGSEND = YES;
				GCC_C_LANGUAGE_STANDARD = gnu11;
				GCC_NO_COMMON_BLOCKS = YES;
				GCC_WARN_64_TO_32_BIT_CONVERSION = YES;
				GCC_WARN_ABOUT_RETURN_TYPE = YES_ERROR;
				GCC_WARN_UNDECLARED_SELECTOR = YES;
				GCC_WARN_UNINITIALIZED_AUTOS = YES_AGGRESSIVE;
				GCC_WARN_UNUSED_FUNCTION = YES;
				GCC_WARN_UNUSED_VARIABLE = YES;
				IPHONEOS_DEPLOYMENT_TARGET = 14.5;
				MTL_ENABLE_DEBUG_INFO = NO;
				MTL_FAST_MATH = YES;
				SDKROOT = iphoneos;
				SWIFT_COMPILATION_MODE = wholemodule;
				SWIFT_OPTIMIZATION_LEVEL = "-O";
				VALIDATE_PRODUCT = YES;
			};
			name = Release;
		};
		23F2B0672704019A0092CFC4 /* Debug */ = {
			isa = XCBuildConfiguration;
			buildSettings = {
				ASSETCATALOG_COMPILER_APPICON_NAME = AppIcon;
				ASSETCATALOG_COMPILER_GLOBAL_ACCENT_COLOR_NAME = AccentColor;
				CODE_SIGN_STYLE = Automatic;
				DEVELOPMENT_TEAM = RE524LJXV2;
				INFOPLIST_FILE = MatPro/Info.plist;
				IPHONEOS_DEPLOYMENT_TARGET = 13.0;
				LD_RUNPATH_SEARCH_PATHS = (
					"$(inherited)",
					"@executable_path/Frameworks",
				);
				MARKETING_VERSION = 0.1;
				PRODUCT_BUNDLE_IDENTIFIER = dev.strides.MatPro;
				PRODUCT_NAME = "$(TARGET_NAME)";
				SWIFT_VERSION = 5.0;
				TARGETED_DEVICE_FAMILY = 1;
			};
			name = Debug;
		};
		23F2B0682704019A0092CFC4 /* Release */ = {
			isa = XCBuildConfiguration;
			buildSettings = {
				ASSETCATALOG_COMPILER_APPICON_NAME = AppIcon;
				ASSETCATALOG_COMPILER_GLOBAL_ACCENT_COLOR_NAME = AccentColor;
				CODE_SIGN_STYLE = Automatic;
				DEVELOPMENT_TEAM = RE524LJXV2;
				INFOPLIST_FILE = MatPro/Info.plist;
				IPHONEOS_DEPLOYMENT_TARGET = 13.0;
				LD_RUNPATH_SEARCH_PATHS = (
					"$(inherited)",
					"@executable_path/Frameworks",
				);
				MARKETING_VERSION = 0.1;
				PRODUCT_BUNDLE_IDENTIFIER = dev.strides.MatPro;
				PRODUCT_NAME = "$(TARGET_NAME)";
				SWIFT_VERSION = 5.0;
				TARGETED_DEVICE_FAMILY = 1;
			};
			name = Release;
		};
		23F2B0AC27041E430092CFC4 /* Debug */ = {
			isa = XCBuildConfiguration;
			buildSettings = {
				BUNDLE_LOADER = "$(TEST_HOST)";
				CLANG_ENABLE_MODULES = YES;
				CODE_SIGN_STYLE = Automatic;
				DEVELOPMENT_TEAM = RE524LJXV2;
				INFOPLIST_FILE = MatProTests/Info.plist;
				LD_RUNPATH_SEARCH_PATHS = (
					"$(inherited)",
					"@executable_path/Frameworks",
					"@loader_path/Frameworks",
				);
				PRODUCT_BUNDLE_IDENTIFIER = dev.strides.MatProTests;
				PRODUCT_NAME = "$(TARGET_NAME)";
				SWIFT_OPTIMIZATION_LEVEL = "-Onone";
				SWIFT_VERSION = 5.0;
				TARGETED_DEVICE_FAMILY = "1,2";
				TEST_HOST = "$(BUILT_PRODUCTS_DIR)/MatPro.app/MatPro";
			};
			name = Debug;
		};
		23F2B0AD27041E430092CFC4 /* Release */ = {
			isa = XCBuildConfiguration;
			buildSettings = {
				BUNDLE_LOADER = "$(TEST_HOST)";
				CLANG_ENABLE_MODULES = YES;
				CODE_SIGN_STYLE = Automatic;
				DEVELOPMENT_TEAM = RE524LJXV2;
				INFOPLIST_FILE = MatProTests/Info.plist;
				LD_RUNPATH_SEARCH_PATHS = (
					"$(inherited)",
					"@executable_path/Frameworks",
					"@loader_path/Frameworks",
				);
				PRODUCT_BUNDLE_IDENTIFIER = dev.strides.MatProTests;
				PRODUCT_NAME = "$(TARGET_NAME)";
				SWIFT_VERSION = 5.0;
				TARGETED_DEVICE_FAMILY = "1,2";
				TEST_HOST = "$(BUILT_PRODUCTS_DIR)/MatPro.app/MatPro";
			};
			name = Release;
		};
/* End XCBuildConfiguration section */

/* Begin XCConfigurationList section */
		23F2B04D270401990092CFC4 /* Build configuration list for PBXProject "MatPro" */ = {
			isa = XCConfigurationList;
			buildConfigurations = (
				23F2B0642704019A0092CFC4 /* Debug */,
				23F2B0652704019A0092CFC4 /* Release */,
			);
			defaultConfigurationIsVisible = 0;
			defaultConfigurationName = Release;
		};
		23F2B0662704019A0092CFC4 /* Build configuration list for PBXNativeTarget "MatPro" */ = {
			isa = XCConfigurationList;
			buildConfigurations = (
				23F2B0672704019A0092CFC4 /* Debug */,
				23F2B0682704019A0092CFC4 /* Release */,
			);
			defaultConfigurationIsVisible = 0;
			defaultConfigurationName = Release;
		};
		23F2B0AB27041E430092CFC4 /* Build configuration list for PBXNativeTarget "MatProTests" */ = {
			isa = XCConfigurationList;
			buildConfigurations = (
				23F2B0AC27041E430092CFC4 /* Debug */,
				23F2B0AD27041E430092CFC4 /* Release */,
			);
			defaultConfigurationIsVisible = 0;
			defaultConfigurationName = Release;
		};
/* End XCConfigurationList section */

/* Begin XCRemoteSwiftPackageReference section */
		23F2B088270403CC0092CFC4 /* XCRemoteSwiftPackageReference "SDWebImage" */ = {
			isa = XCRemoteSwiftPackageReference;
			repositoryURL = "https://github.com/SDWebImage/SDWebImage.git";
			requirement = {
				kind = upToNextMajorVersion;
				minimumVersion = 5.11.1;
			};
		};
		23F2B0922704062F0092CFC4 /* XCRemoteSwiftPackageReference "realm-cocoa" */ = {
			isa = XCRemoteSwiftPackageReference;
			repositoryURL = "https://github.com/realm/realm-cocoa.git";
			requirement = {
				kind = upToNextMajorVersion;
				minimumVersion = 10.15.1;
			};
		};
/* End XCRemoteSwiftPackageReference section */

/* Begin XCSwiftPackageProductDependency section */
		23F2B089270403CC0092CFC4 /* SDWebImage */ = {
			isa = XCSwiftPackageProductDependency;
			package = 23F2B088270403CC0092CFC4 /* XCRemoteSwiftPackageReference "SDWebImage" */;
			productName = SDWebImage;
		};
		23F2B0932704062F0092CFC4 /* Realm */ = {
			isa = XCSwiftPackageProductDependency;
			package = 23F2B0922704062F0092CFC4 /* XCRemoteSwiftPackageReference "realm-cocoa" */;
			productName = Realm;
		};
		23F2B0952704062F0092CFC4 /* RealmSwift */ = {
			isa = XCSwiftPackageProductDependency;
			package = 23F2B0922704062F0092CFC4 /* XCRemoteSwiftPackageReference "realm-cocoa" */;
			productName = RealmSwift;
		};
/* End XCSwiftPackageProductDependency section */
	};
	rootObject = 23F2B04A270401990092CFC4 /* Project object */;
}
